
Microsoft Visual Studio Solution File, Format Version 12.00
# Visual Studio 14
VisualStudioVersion = 14.0.25420.1
MinimumVisualStudioVersion = 10.0.40219.1
Project("{FAE04EC0-301F-11D3-BF4B-00C04F79EFBC}") = "TravelPlanner.DB", "TravelPlanner.DB\TravelPlanner.DB.csproj", "{613DB304-416A-4A25-B596-F8DE06538E17}"
EndProject
Project("{FAE04EC0-301F-11D3-BF4B-00C04F79EFBC}") = "TravelPlanner.Web", "TravelPlanner.Web\TravelPlanner.Web.csproj", "{3E138121-C08F-4C17-9FC6-A226BF1D8D05}"
EndProject
Global
	GlobalSection(SolutionConfigurationPlatforms) = preSolution
		Debug|Any CPU = Debug|Any CPU
		Release|Any CPU = Release|Any CPU
	EndGlobalSection
	GlobalSection(ProjectConfigurationPlatforms) = postSolution
		{613DB304-416A-4A25-B596-F8DE06538E17}.Debug|Any CPU.ActiveCfg = Debug|Any CPU
		{613DB304-416A-4A25-B596-F8DE06538E17}.Debug|Any CPU.Build.0 = Debug|Any CPU
		{613DB304-416A-4A25-B596-F8DE06538E17}.Release|Any CPU.ActiveCfg = Release|Any CPU
		{613DB304-416A-4A25-B596-F8DE06538E17}.Release|Any CPU.Build.0 = Release|Any CPU
		{3E138121-C08F-4C17-9FC6-A226BF1D8D05}.Debug|Any CPU.ActiveCfg = Debug|Any CPU
		{3E138121-C08F-4C17-9FC6-A226BF1D8D05}.Debug|Any CPU.Build.0 = Debug|Any CPU
		{3E138121-C08F-4C17-9FC6-A226BF1D8D05}.Release|Any CPU.ActiveCfg = Release|Any CPU
		{3E138121-C08F-4C17-9FC6-A226BF1D8D05}.Release|Any CPU.Build.0 = Release|Any CPU
	EndGlobalSection
	GlobalSection(SolutionProperties) = preSolution
		HideSolutionNode = FALSE
	EndGlobalSection
EndGlobal
